
Microsoft Visual Studio Solution File, Format Version 12.00
# Visual Studio Version 17
VisualStudioVersion = 17.4.33205.214
MinimumVisualStudioVersion = 10.0.40219.1
Project("{FAE04EC0-301F-11D3-BF4B-00C04F79EFBC}") = "Parser", "Parser\Parser.csproj", "{48BAAD9C-F841-4F49-AA86-50BDABCE9879}"
EndProject
Global
	GlobalSection(SolutionConfigurationPlatforms) = preSolution
		Debug|Any CPU = Debug|Any CPU
		Release|Any CPU = Release|Any CPU
	EndGlobalSection
	GlobalSection(ProjectConfigurationPlatforms) = postSolution
		{48BAAD9C-F841-4F49-AA86-50BDABCE9879}.Debug|Any CPU.ActiveCfg = Debug|Any CPU
		{48BAAD9C-F841-4F49-AA86-50BDABCE9879}.Debug|Any CPU.Build.0 = Debug|Any CPU
		{48BAAD9C-F841-4F49-AA86-50BDABCE9879}.Release|Any CPU.ActiveCfg = Release|Any CPU
		{48BAAD9C-F841-4F49-AA86-50BDABCE9879}.Release|Any CPU.Build.0 = Release|Any CPU
	EndGlobalSection
	GlobalSection(SolutionProperties) = preSolution
		HideSolutionNode = FALSE
	EndGlobalSection
	GlobalSection(ExtensibilityGlobals) = postSolution
		SolutionGuid = {55A81F99-F7BA-419B-A290-7160A4CFB6D4}
	EndGlobalSection
EndGlobal
